
Microsoft Visual Studio Solution File, Format Version 12.00
# Visual Studio Version 17
VisualStudioVersion = 17.9.34714.143
MinimumVisualStudioVersion = 10.0.40219.1
Project("{2150E333-8FDC-42A3-9474-1A3956D46DE8}") = "Services", "Services", "{C6CC136F-9D0B-49DF-A298-97A692EEB692}"
EndProject
Project("{2150E333-8FDC-42A3-9474-1A3956D46DE8}") = "Catalog", "Catalog", "{6D4236DD-CB68-4EDC-8214-E0ECE72584B7}"
EndProject
Project("{9A19103F-16F7-4668-BE54-9A1E7A4F7556}") = "Catalog.API", "Services\Catalog\Catalog.API\Catalog.API.csproj", "{5929730B-5D06-40C8-95E7-623A35F0CCFD}"
EndProject
Project("{2150E333-8FDC-42A3-9474-1A3956D46DE8}") = "BuildingBlocks", "BuildingBlocks", "{B833E88C-3C9F-4178-84C9-31D0F18E250B}"
EndProject
Project("{9A19103F-16F7-4668-BE54-9A1E7A4F7556}") = "BuildingBlocks", "BuildingBlocks\BuildingBlocks\BuildingBlocks.csproj", "{7CB97DC2-7BC2-4278-8695-C9FD95D0109D}"
EndProject
Project("{E53339B2-1760-4266-BCC7-CA923CBCF16C}") = "docker-compose", "docker-compose.dcproj", "{6DCBEC70-4866-4297-9AD0-73928CCFA987}"
EndProject
Project("{2150E333-8FDC-42A3-9474-1A3956D46DE8}") = "Basket", "Basket", "{5965C40C-53D8-4573-8A94-744FC4E415FB}"
EndProject
Project("{9A19103F-16F7-4668-BE54-9A1E7A4F7556}") = "Basket.API", "Services\Basket\Basket.API\Basket.API.csproj", "{4EEF7624-E6C5-4567-B700-CE0771C4F3FB}"
EndProject
Project("{2150E333-8FDC-42A3-9474-1A3956D46DE8}") = "Discount", "Discount", "{45C7CCC2-8DBF-4A23-81E4-88CD0AC20B46}"
EndProject
Project("{9A19103F-16F7-4668-BE54-9A1E7A4F7556}") = "Discount.Grpc", "Services\Discount\Discount.Grpc\Discount.Grpc.csproj", "{28D2FB19-FDA2-4B50-B286-40F9386EFFE2}"
EndProject
Project("{2150E333-8FDC-42A3-9474-1A3956D46DE8}") = "Ordering", "Ordering", "{F7B2DA66-7585-4199-98C9-D516EEA53DD2}"
EndProject
Project("{FAE04EC0-301F-11D3-BF4B-00C04F79EFBC}") = "Ordering.API", "Services\Ordering\Ordering.API\Ordering.API.csproj", "{04E6F794-7241-47A5-9386-67B6D07BBE88}"
EndProject
Project("{FAE04EC0-301F-11D3-BF4B-00C04F79EFBC}") = "Ordering.Domain", "Services\Ordering\Ordering.Domain\Ordering.Domain.csproj", "{8B91275C-641F-423D-B9FF-EB498F045B8D}"
EndProject
Project("{FAE04EC0-301F-11D3-BF4B-00C04F79EFBC}") = "Ordering.Application", "Services\Ordering\Ordering.Application\Ordering.Application.csproj", "{B30757EE-507E-4B85-A7AA-13204C412207}"
EndProject
Project("{FAE04EC0-301F-11D3-BF4B-00C04F79EFBC}") = "Ordering.Infrastructure", "Services\Ordering\Ordering.Infrastructure\Ordering.Infrastructure.csproj", "{5F5090D0-69EC-46B9-9FBC-8ED950EAE337}"
EndProject
Global
	GlobalSection(SolutionConfigurationPlatforms) = preSolution
		Debug|Any CPU = Debug|Any CPU
		Release|Any CPU = Release|Any CPU
	EndGlobalSection
	GlobalSection(ProjectConfigurationPlatforms) = postSolution
		{5929730B-5D06-40C8-95E7-623A35F0CCFD}.Debug|Any CPU.ActiveCfg = Debug|Any CPU
		{5929730B-5D06-40C8-95E7-623A35F0CCFD}.Debug|Any CPU.Build.0 = Debug|Any CPU
		{5929730B-5D06-40C8-95E7-623A35F0CCFD}.Release|Any CPU.ActiveCfg = Release|Any CPU
		{5929730B-5D06-40C8-95E7-623A35F0CCFD}.Release|Any CPU.Build.0 = Release|Any CPU
		{7CB97DC2-7BC2-4278-8695-C9FD95D0109D}.Debug|Any CPU.ActiveCfg = Debug|Any CPU
		{7CB97DC2-7BC2-4278-8695-C9FD95D0109D}.Debug|Any CPU.Build.0 = Debug|Any CPU
		{7CB97DC2-7BC2-4278-8695-C9FD95D0109D}.Release|Any CPU.ActiveCfg = Release|Any CPU
		{7CB97DC2-7BC2-4278-8695-C9FD95D0109D}.Release|Any CPU.Build.0 = Release|Any CPU
		{6DCBEC70-4866-4297-9AD0-73928CCFA987}.Debug|Any CPU.ActiveCfg = Debug|Any CPU
		{6DCBEC70-4866-4297-9AD0-73928CCFA987}.Debug|Any CPU.Build.0 = Debug|Any CPU
		{6DCBEC70-4866-4297-9AD0-73928CCFA987}.Release|Any CPU.ActiveCfg = Release|Any CPU
		{6DCBEC70-4866-4297-9AD0-73928CCFA987}.Release|Any CPU.Build.0 = Release|Any CPU
		{4EEF7624-E6C5-4567-B700-CE0771C4F3FB}.Debug|Any CPU.ActiveCfg = Debug|Any CPU
		{4EEF7624-E6C5-4567-B700-CE0771C4F3FB}.Debug|Any CPU.Build.0 = Debug|Any CPU
		{4EEF7624-E6C5-4567-B700-CE0771C4F3FB}.Release|Any CPU.ActiveCfg = Release|Any CPU
		{4EEF7624-E6C5-4567-B700-CE0771C4F3FB}.Release|Any CPU.Build.0 = Release|Any CPU
		{28D2FB19-FDA2-4B50-B286-40F9386EFFE2}.Debug|Any CPU.ActiveCfg = Debug|Any CPU
		{28D2FB19-FDA2-4B50-B286-40F9386EFFE2}.Debug|Any CPU.Build.0 = Debug|Any CPU
		{28D2FB19-FDA2-4B50-B286-40F9386EFFE2}.Release|Any CPU.ActiveCfg = Release|Any CPU
		{28D2FB19-FDA2-4B50-B286-40F9386EFFE2}.Release|Any CPU.Build.0 = Release|Any CPU
		{04E6F794-7241-47A5-9386-67B6D07BBE88}.Debug|Any CPU.ActiveCfg = Debug|Any CPU
		{04E6F794-7241-47A5-9386-67B6D07BBE88}.Debug|Any CPU.Build.0 = Debug|Any CPU
		{04E6F794-7241-47A5-9386-67B6D07BBE88}.Release|Any CPU.ActiveCfg = Release|Any CPU
		{04E6F794-7241-47A5-9386-67B6D07BBE88}.Release|Any CPU.Build.0 = Release|Any CPU
		{8B91275C-641F-423D-B9FF-EB498F045B8D}.Debug|Any CPU.ActiveCfg = Debug|Any CPU
		{8B91275C-641F-423D-B9FF-EB498F045B8D}.Debug|Any CPU.Build.0 = Debug|Any CPU
		{8B91275C-641F-423D-B9FF-EB498F045B8D}.Release|Any CPU.ActiveCfg = Release|Any CPU
		{8B91275C-641F-423D-B9FF-EB498F045B8D}.Release|Any CPU.Build.0 = Release|Any CPU
		{B30757EE-507E-4B85-A7AA-13204C412207}.Debug|Any CPU.ActiveCfg = Debug|Any CPU
		{B30757EE-507E-4B85-A7AA-13204C412207}.Debug|Any CPU.Build.0 = Debug|Any CPU
		{B30757EE-507E-4B85-A7AA-13204C412207}.Release|Any CPU.ActiveCfg = Release|Any CPU
		{B30757EE-507E-4B85-A7AA-13204C412207}.Release|Any CPU.Build.0 = Release|Any CPU
		{5F5090D0-69EC-46B9-9FBC-8ED950EAE337}.Debug|Any CPU.ActiveCfg = Debug|Any CPU
		{5F5090D0-69EC-46B9-9FBC-8ED950EAE337}.Debug|Any CPU.Build.0 = Debug|Any CPU
		{5F5090D0-69EC-46B9-9FBC-8ED950EAE337}.Release|Any CPU.ActiveCfg = Release|Any CPU
		{5F5090D0-69EC-46B9-9FBC-8ED950EAE337}.Release|Any CPU.Build.0 = Release|Any CPU
	EndGlobalSection
	GlobalSection(SolutionProperties) = preSolution
		HideSolutionNode = FALSE
	EndGlobalSection
	GlobalSection(NestedProjects) = preSolution
		{6D4236DD-CB68-4EDC-8214-E0ECE72584B7} = {C6CC136F-9D0B-49DF-A298-97A692EEB692}
		{5929730B-5D06-40C8-95E7-623A35F0CCFD} = {6D4236DD-CB68-4EDC-8214-E0ECE72584B7}
		{7CB97DC2-7BC2-4278-8695-C9FD95D0109D} = {B833E88C-3C9F-4178-84C9-31D0F18E250B}
		{5965C40C-53D8-4573-8A94-744FC4E415FB} = {C6CC136F-9D0B-49DF-A298-97A692EEB692}
		{4EEF7624-E6C5-4567-B700-CE0771C4F3FB} = {5965C40C-53D8-4573-8A94-744FC4E415FB}
		{45C7CCC2-8DBF-4A23-81E4-88CD0AC20B46} = {C6CC136F-9D0B-49DF-A298-97A692EEB692}
		{28D2FB19-FDA2-4B50-B286-40F9386EFFE2} = {45C7CCC2-8DBF-4A23-81E4-88CD0AC20B46}
		{F7B2DA66-7585-4199-98C9-D516EEA53DD2} = {C6CC136F-9D0B-49DF-A298-97A692EEB692}
		{04E6F794-7241-47A5-9386-67B6D07BBE88} = {F7B2DA66-7585-4199-98C9-D516EEA53DD2}
		{8B91275C-641F-423D-B9FF-EB498F045B8D} = {F7B2DA66-7585-4199-98C9-D516EEA53DD2}
		{B30757EE-507E-4B85-A7AA-13204C412207} = {F7B2DA66-7585-4199-98C9-D516EEA53DD2}
		{5F5090D0-69EC-46B9-9FBC-8ED950EAE337} = {F7B2DA66-7585-4199-98C9-D516EEA53DD2}
	EndGlobalSection
	GlobalSection(ExtensibilityGlobals) = postSolution
		SolutionGuid = {EFF9452B-9368-40BB-8ACF-7421451BDC50}
	EndGlobalSection
EndGlobal
